<?xml version="1.0" encoding="utf-8"?>
<Project ToolsVersion="4.0" xmlns="http://schemas.microsoft.com/developer/msbuild/2003">
  <ItemGroup>
    <Filter Include="Source Files">
      <UniqueIdentifier>{4FC737F1-C7A5-4376-A066-2A32D752A2FF}</UniqueIdentifier>
      <Extensions>cpp;c;cc;cxx;c++;cppm;ixx;def;odl;idl;hpj;bat;asm;asmx</Extensions>
    </Filter>
    <Filter Include="Header Files">
      <UniqueIdentifier>{93995380-89BD-4b04-88EB-625FBE52EBFB}</UniqueIdentifier>
      <Extensions>h;hh;hpp;hxx;h++;hm;inl;inc;ipp;xsd</Extensions>
    </Filter>
    <Filter Include="Resource Files">
      <UniqueIdentifier>{67DA6AB6-F800-4c08-8B7A-83BB121AAD01}</UniqueIdentifier>
      <Extensions>rc;ico;cur;bmp;dlg;rc2;rct;bin;rgs;gif;jpg;jpeg;jpe;resx;tiff;tif;png;wav;mfcribbon-ms</Extensions>
    </Filter>
    <Filter Include="Source Files\process">
      <UniqueIdentifier>{f1712dad-00ed-420b-b8a2-3ff6175f4b04}</UniqueIdentifier>
    </Filter>
    <Filter Include="Source Files\driver">
      <UniqueIdentifier>{9adede8c-8bf2-4ea1-b78b-6a6b5dd1077c}</UniqueIdentifier>
    </Filter>
    <Filter Include="Source Files\manager">
      <UniqueIdentifier>{8587e8a3-b20f-43e5-ace2-bf1cf3a197be}</UniqueIdentifier>
    </Filter>
    <Filter Include="Source Files\core">
      <UniqueIdentifier>{42f1c23d-9591-4d2b-8714-f0eac07d3d46}</UniqueIdentifier>
    </Filter>
    <Filter Include="Source Files\utils">
      <UniqueIdentifier>{8a5056f7-f1f2-4f8f-bbeb-3bb1049bcb3d}</UniqueIdentifier>
    </Filter>
    <Filter Include="Source Files\overlay">
      <UniqueIdentifier>{fa83fdcc-64d9-49c9-a829-db1050df589b}</UniqueIdentifier>
    </Filter>
    <Filter Include="Source Files\features">
      <UniqueIdentifier>{94586ce8-4d67-469e-8ff5-135ac3ab5b7d}</UniqueIdentifier>
    </Filter>
    <Filter Include="Source Files\easywsclient">
      <UniqueIdentifier>{0795a085-e53d-4ef9-8bbf-057210dd5a42}</UniqueIdentifier>
    </Filter>
  </ItemGroup>
  <ItemGroup>
    <ClCompile Include="UserApp.cpp">
      <Filter>Source Files</Filter>
    </ClCompile>
    <ClCompile Include="CsgoProcess.cpp">
      <Filter>Source Files\process</Filter>
    </ClCompile>
    <ClCompile Include="DriverAPI.cpp">
      <Filter>Source Files\driver</Filter>
    </ClCompile>
    <ClCompile Include="Memory.cpp">
      <Filter>Source Files\manager</Filter>
    </ClCompile>
    <ClCompile Include="Hook.cpp">
      <Filter>Source Files\driver</Filter>
    </ClCompile>
    <ClCompile Include="Entity.cpp">
      <Filter>Source Files\core</Filter>
    </ClCompile>
    <ClCompile Include="Overlay.cpp">
      <Filter>Source Files\overlay</Filter>
    </ClCompile>
    <ClCompile Include="Esp.cpp">
      <Filter>Source Files\features</Filter>
    </ClCompile>
    <ClCompile Include="math.cpp">
      <Filter>Source Files\utils</Filter>
    </ClCompile>
    <ClCompile Include="easywsclient\easywsclient.cpp">
      <Filter>Source Files\easywsclient</Filter>
    </ClCompile>
  </ItemGroup>
  <ItemGroup>
    <ClInclude Include="CsgoProcess.h">
      <Filter>Source Files\process</Filter>
    </ClInclude>
    <ClInclude Include="DriverAPI.h">
      <Filter>Source Files\driver</Filter>
    </ClInclude>
    <ClInclude Include="Definitions.h">
      <Filter>Source Files</Filter>
    </ClInclude>
    <ClInclude Include="Memory.h">
      <Filter>Source Files\manager</Filter>
    </ClInclude>
    <ClInclude Include="Hook.h">
      <Filter>Source Files\driver</Filter>
    </ClInclude>
    <ClInclude Include="Entity.h">
      <Filter>Source Files\core</Filter>
    </ClInclude>
    <ClInclude Include="vector.h">
      <Filter>Source Files\utils</Filter>
    </ClInclude>
    <ClInclude Include="qangle.h">
      <Filter>Source Files\utils</Filter>
    </ClInclude>
    <ClInclude Include="Offsets.h">
      <Filter>Source Files</Filter>
    </ClInclude>
    <ClInclude Include="Overlay.h">
      <Filter>Source Files\overlay</Filter>
    </ClInclude>
    <ClInclude Include="Esp.h">
      <Filter>Source Files\features</Filter>
    </ClInclude>
    <ClInclude Include="json.hpp">
      <Filter>Source Files\utils</Filter>
    </ClInclude>
    <ClInclude Include="math.h">
      <Filter>Source Files\utils</Filter>
    </ClInclude>
    <ClInclude Include="easywsclient\easywsclient.hpp">
      <Filter>Source Files\easywsclient</Filter>
    </ClInclude>
  </ItemGroup>
</Project>